
Microsoft Visual Studio Solution File, Format Version 12.00
# Visual Studio Version 17
Project("{8BC9CEB8-8B4A-11D0-8D11-00A0C91BC942}") = "ALL_BUILD", "ALL_BUILD.vcxproj", "{7C6012AD-11DB-3F40-AA72-F2C4D25640D0}"
	ProjectSection(ProjectDependencies) = postProject
		{EACE06DC-ADD3-3CE6-B27F-EB465288F79E} = {EACE06DC-ADD3-3CE6-B27F-EB465288F79E}
		{E8B0E293-8370-323B-8FBE-CC54C17B32D4} = {E8B0E293-8370-323B-8FBE-CC54C17B32D4}
		{4A6A7A7F-772D-355C-B7A7-1827D70E3BF0} = {4A6A7A7F-772D-355C-B7A7-1827D70E3BF0}
	EndProjectSection
EndProject
Project("{8BC9CEB8-8B4A-11D0-8D11-00A0C91BC942}") = "Dawn", "Dawn\Dawn.vcxproj", "{EACE06DC-ADD3-3CE6-B27F-EB465288F79E}"
	ProjectSection(ProjectDependencies) = postProject
		{4A6A7A7F-772D-355C-B7A7-1827D70E3BF0} = {4A6A7A7F-772D-355C-B7A7-1827D70E3BF0}
	EndProjectSection
EndProject
Project("{8BC9CEB8-8B4A-11D0-8D11-00A0C91BC942}") = "Prototypes", "Prototypes\Prototypes.vcxproj", "{E8B0E293-8370-323B-8FBE-CC54C17B32D4}"
	ProjectSection(ProjectDependencies) = postProject
		{4A6A7A7F-772D-355C-B7A7-1827D70E3BF0} = {4A6A7A7F-772D-355C-B7A7-1827D70E3BF0}
	EndProjectSection
EndProject
Project("{8BC9CEB8-8B4A-11D0-8D11-00A0C91BC942}") = "ZERO_CHECK", "ZERO_CHECK.vcxproj", "{4A6A7A7F-772D-355C-B7A7-1827D70E3BF0}"
	ProjectSection(ProjectDependencies) = postProject
	EndProjectSection
EndProject
Global
	GlobalSection(SolutionConfigurationPlatforms) = preSolution
		Debug|x64 = Debug|x64
		Release|x64 = Release|x64
		MinSizeRel|x64 = MinSizeRel|x64
		RelWithDebInfo|x64 = RelWithDebInfo|x64
	EndGlobalSection
	GlobalSection(ProjectConfigurationPlatforms) = postSolution
		{7C6012AD-11DB-3F40-AA72-F2C4D25640D0}.Debug|x64.ActiveCfg = Debug|x64
		{7C6012AD-11DB-3F40-AA72-F2C4D25640D0}.Release|x64.ActiveCfg = Release|x64
		{7C6012AD-11DB-3F40-AA72-F2C4D25640D0}.MinSizeRel|x64.ActiveCfg = MinSizeRel|x64
		{7C6012AD-11DB-3F40-AA72-F2C4D25640D0}.RelWithDebInfo|x64.ActiveCfg = RelWithDebInfo|x64
		{EACE06DC-ADD3-3CE6-B27F-EB465288F79E}.Debug|x64.ActiveCfg = Debug|x64
		{EACE06DC-ADD3-3CE6-B27F-EB465288F79E}.Debug|x64.Build.0 = Debug|x64
		{EACE06DC-ADD3-3CE6-B27F-EB465288F79E}.Release|x64.ActiveCfg = Release|x64
		{EACE06DC-ADD3-3CE6-B27F-EB465288F79E}.Release|x64.Build.0 = Release|x64
		{EACE06DC-ADD3-3CE6-B27F-EB465288F79E}.MinSizeRel|x64.ActiveCfg = MinSizeRel|x64
		{EACE06DC-ADD3-3CE6-B27F-EB465288F79E}.MinSizeRel|x64.Build.0 = MinSizeRel|x64
		{EACE06DC-ADD3-3CE6-B27F-EB465288F79E}.RelWithDebInfo|x64.ActiveCfg = RelWithDebInfo|x64
		{EACE06DC-ADD3-3CE6-B27F-EB465288F79E}.RelWithDebInfo|x64.Build.0 = RelWithDebInfo|x64
		{E8B0E293-8370-323B-8FBE-CC54C17B32D4}.Debug|x64.ActiveCfg = Debug|x64
		{E8B0E293-8370-323B-8FBE-CC54C17B32D4}.Debug|x64.Build.0 = Debug|x64
		{E8B0E293-8370-323B-8FBE-CC54C17B32D4}.Release|x64.ActiveCfg = Release|x64
		{E8B0E293-8370-323B-8FBE-CC54C17B32D4}.Release|x64.Build.0 = Release|x64
		{E8B0E293-8370-323B-8FBE-CC54C17B32D4}.MinSizeRel|x64.ActiveCfg = MinSizeRel|x64
		{E8B0E293-8370-323B-8FBE-CC54C17B32D4}.MinSizeRel|x64.Build.0 = MinSizeRel|x64
		{E8B0E293-8370-323B-8FBE-CC54C17B32D4}.RelWithDebInfo|x64.ActiveCfg = RelWithDebInfo|x64
		{E8B0E293-8370-323B-8FBE-CC54C17B32D4}.RelWithDebInfo|x64.Build.0 = RelWithDebInfo|x64
		{4A6A7A7F-772D-355C-B7A7-1827D70E3BF0}.Debug|x64.ActiveCfg = Debug|x64
		{4A6A7A7F-772D-355C-B7A7-1827D70E3BF0}.Debug|x64.Build.0 = Debug|x64
		{4A6A7A7F-772D-355C-B7A7-1827D70E3BF0}.Release|x64.ActiveCfg = Release|x64
		{4A6A7A7F-772D-355C-B7A7-1827D70E3BF0}.Release|x64.Build.0 = Release|x64
		{4A6A7A7F-772D-355C-B7A7-1827D70E3BF0}.MinSizeRel|x64.ActiveCfg = MinSizeRel|x64
		{4A6A7A7F-772D-355C-B7A7-1827D70E3BF0}.MinSizeRel|x64.Build.0 = MinSizeRel|x64
		{4A6A7A7F-772D-355C-B7A7-1827D70E3BF0}.RelWithDebInfo|x64.ActiveCfg = RelWithDebInfo|x64
		{4A6A7A7F-772D-355C-B7A7-1827D70E3BF0}.RelWithDebInfo|x64.Build.0 = RelWithDebInfo|x64
	EndGlobalSection
	GlobalSection(ExtensibilityGlobals) = postSolution
		SolutionGuid = {BE3666BA-8E5C-3442-9D51-07077E5D9C21}
	EndGlobalSection
	GlobalSection(ExtensibilityAddIns) = postSolution
	EndGlobalSection
EndGlobal
