<?xml version="1.0" encoding="utf-8"?>
<Project ToolsVersion="4.0" xmlns="http://schemas.microsoft.com/developer/msbuild/2003">
  <ItemGroup>
    <Filter Include="Dawn">
      <UniqueIdentifier>{AF05847C-9B3C-850D-4429-6B10303F010F}</UniqueIdentifier>
    </Filter>
    <Filter Include="Dawn\Events">
      <UniqueIdentifier>{B396A255-1F4C-1B4B-A840-152214F5114F}</UniqueIdentifier>
    </Filter>
  </ItemGroup>
  <ItemGroup>
    <ClInclude Include="src\Dawn\Application.h">
      <Filter>Dawn</Filter>
    </ClInclude>
    <ClInclude Include="src\Dawn\Core.h">
      <Filter>Dawn</Filter>
    </ClInclude>
    <ClInclude Include="src\Dawn\Events\AppRenderEvent.h">
      <Filter>Dawn\Events</Filter>
    </ClInclude>
    <ClInclude Include="src\Dawn\Events\AppTickEvent.h">
      <Filter>Dawn\Events</Filter>
    </ClInclude>
    <ClInclude Include="src\Dawn\Events\AppUpdateEvent.h">
      <Filter>Dawn\Events</Filter>
    </ClInclude>
    <ClInclude Include="src\Dawn\Events\Event.h">
      <Filter>Dawn\Events</Filter>
    </ClInclude>
    <ClInclude Include="src\Dawn\Events\EventDispatcher.h">
      <Filter>Dawn\Events</Filter>
    </ClInclude>
    <ClInclude Include="src\Dawn\Events\KeyEvent.h">
      <Filter>Dawn\Events</Filter>
    </ClInclude>
    <ClInclude Include="src\Dawn\Events\KeyPressedEvent.h">
      <Filter>Dawn\Events</Filter>
    </ClInclude>
    <ClInclude Include="src\Dawn\Events\KeyReleasedEvent.h">
      <Filter>Dawn\Events</Filter>
    </ClInclude>
    <ClInclude Include="src\Dawn\Events\KeyTypedEvent.h">
      <Filter>Dawn\Events</Filter>
    </ClInclude>
    <ClInclude Include="src\Dawn\Events\MouseButtonEvent.h">
      <Filter>Dawn\Events</Filter>
    </ClInclude>
    <ClInclude Include="src\Dawn\Events\MouseButtonPressedEvent.h">
      <Filter>Dawn\Events</Filter>
    </ClInclude>
    <ClInclude Include="src\Dawn\Events\MouseButtonReleasedEvent.h">
      <Filter>Dawn\Events</Filter>
    </ClInclude>
    <ClInclude Include="src\Dawn\Events\MouseMovedEvent.h">
      <Filter>Dawn\Events</Filter>
    </ClInclude>
    <ClInclude Include="src\Dawn\Events\MouseScrolledEvent.h">
      <Filter>Dawn\Events</Filter>
    </ClInclude>
    <ClInclude Include="src\Dawn\Events\WindowCloseEvent.h">
      <Filter>Dawn\Events</Filter>
    </ClInclude>
    <ClInclude Include="src\Dawn\Events\WindowFocusEvent.h">
      <Filter>Dawn\Events</Filter>
    </ClInclude>
    <ClInclude Include="src\Dawn\Events\WindowLostFocusEvent.h">
      <Filter>Dawn\Events</Filter>
    </ClInclude>
    <ClInclude Include="src\Dawn\Events\WindowMovedEvent.h">
      <Filter>Dawn\Events</Filter>
    </ClInclude>
    <ClInclude Include="src\Dawn\Events\WindowResizeEvent.h">
      <Filter>Dawn\Events</Filter>
    </ClInclude>
    <ClInclude Include="src\dwpch.h" />
  </ItemGroup>
  <ItemGroup>
    <ClCompile Include="src\Dawn\Application.cpp">
      <Filter>Dawn</Filter>
    </ClCompile>
    <ClCompile Include="src\dwpch.cpp" />
  </ItemGroup>
</Project>